
Microsoft Visual Studio Solution File, Format Version 12.00
# Visual Studio Version 17
VisualStudioVersion = 17.9.34728.123
MinimumVisualStudioVersion = 10.0.40219.1
Project("{FAE04EC0-301F-11D3-BF4B-00C04F79EFBC}") = "WinFormsApp16", "WinFormsApp16\WinFormsApp16.csproj", "{20BCB0EB-EE65-486C-9158-5C28F953C620}"
EndProject
Global
	GlobalSection(SolutionConfigurationPlatforms) = preSolution
		Debug|Any CPU = Debug|Any CPU
		Release|Any CPU = Release|Any CPU
	EndGlobalSection
	GlobalSection(ProjectConfigurationPlatforms) = postSolution
		{20BCB0EB-EE65-486C-9158-5C28F953C620}.Debug|Any CPU.ActiveCfg = Debug|Any CPU
		{20BCB0EB-EE65-486C-9158-5C28F953C620}.Debug|Any CPU.Build.0 = Debug|Any CPU
		{20BCB0EB-EE65-486C-9158-5C28F953C620}.Release|Any CPU.ActiveCfg = Release|Any CPU
		{20BCB0EB-EE65-486C-9158-5C28F953C620}.Release|Any CPU.Build.0 = Release|Any CPU
	EndGlobalSection
	GlobalSection(SolutionProperties) = preSolution
		HideSolutionNode = FALSE
	EndGlobalSection
	GlobalSection(ExtensibilityGlobals) = postSolution
		SolutionGuid = {E08EEC28-B8E3-4168-8630-6B38DF7546B1}
	EndGlobalSection
EndGlobal
