
Microsoft Visual Studio Solution File, Format Version 12.00
# Visual Studio Version 17
VisualStudioVersion = 17.9.34728.123
MinimumVisualStudioVersion = 10.0.40219.1
Project("{FAE04EC0-301F-11D3-BF4B-00C04F79EFBC}") = "WinFormsApp14", "WinFormsApp14\WinFormsApp14.csproj", "{1A507D69-5072-4E73-ACB6-F3EAF2EDE2E6}"
EndProject
Global
	GlobalSection(SolutionConfigurationPlatforms) = preSolution
		Debug|Any CPU = Debug|Any CPU
		Release|Any CPU = Release|Any CPU
	EndGlobalSection
	GlobalSection(ProjectConfigurationPlatforms) = postSolution
		{1A507D69-5072-4E73-ACB6-F3EAF2EDE2E6}.Debug|Any CPU.ActiveCfg = Debug|Any CPU
		{1A507D69-5072-4E73-ACB6-F3EAF2EDE2E6}.Debug|Any CPU.Build.0 = Debug|Any CPU
		{1A507D69-5072-4E73-ACB6-F3EAF2EDE2E6}.Release|Any CPU.ActiveCfg = Release|Any CPU
		{1A507D69-5072-4E73-ACB6-F3EAF2EDE2E6}.Release|Any CPU.Build.0 = Release|Any CPU
	EndGlobalSection
	GlobalSection(SolutionProperties) = preSolution
		HideSolutionNode = FALSE
	EndGlobalSection
	GlobalSection(ExtensibilityGlobals) = postSolution
		SolutionGuid = {F96E1BAE-9F5A-446F-9AAB-29EDEDE4E29F}
	EndGlobalSection
EndGlobal
